// !$*UTF8*$!
{
	archiveVersion = 1;
	classes = {
	};
	objectVersion = 51;
	objects = {

/* Begin PBXBuildFile section */
		E5DD80D073EB337479DA2F8E /* Pods_Data_list.framework in Frameworks */ = {isa = PBXBuildFile; fileRef = 3D1380C04F5107B1086EA812 /* Pods_Data_list.framework */; };
		E7391B6F233BECAC00DB4223 /* AppDelegate.swift in Sources */ = {isa = PBXBuildFile; fileRef = E7391B6E233BECAC00DB4223 /* AppDelegate.swift */; };
		E7391B76233BECAC00DB4223 /* Main.storyboard in Resources */ = {isa = PBXBuildFile; fileRef = E7391B74233BECAC00DB4223 /* Main.storyboard */; };
		E7391B78233BECAD00DB4223 /* Assets.xcassets in Resources */ = {isa = PBXBuildFile; fileRef = E7391B77233BECAD00DB4223 /* Assets.xcassets */; };
		E7391B7B233BECAD00DB4223 /* LaunchScreen.storyboard in Resources */ = {isa = PBXBuildFile; fileRef = E7391B79233BECAD00DB4223 /* LaunchScreen.storyboard */; };
		E746E114233CC1B9001DCB8E /* NetworkServiceConfiguration.swift in Sources */ = {isa = PBXBuildFile; fileRef = E746E113233CC1B9001DCB8E /* NetworkServiceConfiguration.swift */; };
		E746E116233CC312001DCB8E /* ListViewController.swift in Sources */ = {isa = PBXBuildFile; fileRef = E746E115233CC312001DCB8E /* ListViewController.swift */; };
		E746E118233CC8B2001DCB8E /* SessionResponse.swift in Sources */ = {isa = PBXBuildFile; fileRef = E746E117233CC8B2001DCB8E /* SessionResponse.swift */; };
		E746E11D233CE69A001DCB8E /* ListViewModel.swift in Sources */ = {isa = PBXBuildFile; fileRef = E746E11C233CE69A001DCB8E /* ListViewModel.swift */; };
		E757ECCD233BF31A00DAAF11 /* NetworkRequestable.swift in Sources */ = {isa = PBXBuildFile; fileRef = E757ECC7233BF31A00DAAF11 /* NetworkRequestable.swift */; };
		E757ECD0233BF31A00DAAF11 /* NetworkService.swift in Sources */ = {isa = PBXBuildFile; fileRef = E757ECCB233BF31A00DAAF11 /* NetworkService.swift */; };
		E757ECD1233BF31A00DAAF11 /* Endpoint.swift in Sources */ = {isa = PBXBuildFile; fileRef = E757ECCC233BF31A00DAAF11 /* Endpoint.swift */; };
		E757ECE2233C0C6100DAAF11 /* AuthorizationPathConfiguration.swift in Sources */ = {isa = PBXBuildFile; fileRef = E757ECE1233C0C6100DAAF11 /* AuthorizationPathConfiguration.swift */; };
		E757ECEC233C120F00DAAF11 /* EntriesResponse.swift in Sources */ = {isa = PBXBuildFile; fileRef = E757ECEB233C120F00DAAF11 /* EntriesResponse.swift */; };
/* End PBXBuildFile section */

/* Begin PBXFileReference section */
		3D1380C04F5107B1086EA812 /* Pods_Data_list.framework */ = {isa = PBXFileReference; explicitFileType = wrapper.framework; includeInIndex = 0; path = Pods_Data_list.framework; sourceTree = BUILT_PRODUCTS_DIR; };
		43E6C6D22C7DE378C8C5B81C /* Pods-Data-list.debug.xcconfig */ = {isa = PBXFileReference; includeInIndex = 1; lastKnownFileType = text.xcconfig; name = "Pods-Data-list.debug.xcconfig"; path = "Target Support Files/Pods-Data-list/Pods-Data-list.debug.xcconfig"; sourceTree = "<group>"; };
		E7391B6B233BECAC00DB4223 /* Data-list.app */ = {isa = PBXFileReference; explicitFileType = wrapper.application; includeInIndex = 0; path = "Data-list.app"; sourceTree = BUILT_PRODUCTS_DIR; };
		E7391B6E233BECAC00DB4223 /* AppDelegate.swift */ = {isa = PBXFileReference; lastKnownFileType = sourcecode.swift; path = AppDelegate.swift; sourceTree = "<group>"; };
		E7391B75233BECAC00DB4223 /* Base */ = {isa = PBXFileReference; lastKnownFileType = file.storyboard; name = Base; path = Base.lproj/Main.storyboard; sourceTree = "<group>"; };
		E7391B77233BECAD00DB4223 /* Assets.xcassets */ = {isa = PBXFileReference; lastKnownFileType = folder.assetcatalog; path = Assets.xcassets; sourceTree = "<group>"; };
		E7391B7A233BECAD00DB4223 /* Base */ = {isa = PBXFileReference; lastKnownFileType = file.storyboard; name = Base; path = Base.lproj/LaunchScreen.storyboard; sourceTree = "<group>"; };
		E7391B7C233BECAD00DB4223 /* Info.plist */ = {isa = PBXFileReference; lastKnownFileType = text.plist.xml; path = Info.plist; sourceTree = "<group>"; };
		E746E113233CC1B9001DCB8E /* NetworkServiceConfiguration.swift */ = {isa = PBXFileReference; lastKnownFileType = sourcecode.swift; path = NetworkServiceConfiguration.swift; sourceTree = "<group>"; };
		E746E115233CC312001DCB8E /* ListViewController.swift */ = {isa = PBXFileReference; lastKnownFileType = sourcecode.swift; path = ListViewController.swift; sourceTree = "<group>"; };
		E746E117233CC8B2001DCB8E /* SessionResponse.swift */ = {isa = PBXFileReference; lastKnownFileType = sourcecode.swift; path = SessionResponse.swift; sourceTree = "<group>"; };
		E746E11C233CE69A001DCB8E /* ListViewModel.swift */ = {isa = PBXFileReference; lastKnownFileType = sourcecode.swift; path = ListViewModel.swift; sourceTree = "<group>"; };
		E757ECC7233BF31A00DAAF11 /* NetworkRequestable.swift */ = {isa = PBXFileReference; fileEncoding = 4; lastKnownFileType = sourcecode.swift; path = NetworkRequestable.swift; sourceTree = "<group>"; };
		E757ECCB233BF31A00DAAF11 /* NetworkService.swift */ = {isa = PBXFileReference; fileEncoding = 4; lastKnownFileType = sourcecode.swift; path = NetworkService.swift; sourceTree = "<group>"; };
		E757ECCC233BF31A00DAAF11 /* Endpoint.swift */ = {isa = PBXFileReference; fileEncoding = 4; lastKnownFileType = sourcecode.swift; path = Endpoint.swift; sourceTree = "<group>"; };
		E757ECE1233C0C6100DAAF11 /* AuthorizationPathConfiguration.swift */ = {isa = PBXFileReference; lastKnownFileType = sourcecode.swift; path = AuthorizationPathConfiguration.swift; sourceTree = "<group>"; };
		E757ECEB233C120F00DAAF11 /* EntriesResponse.swift */ = {isa = PBXFileReference; lastKnownFileType = sourcecode.swift; path = EntriesResponse.swift; sourceTree = "<group>"; };
		F8031369F2583290AA477345 /* Pods-Data-list.release.xcconfig */ = {isa = PBXFileReference; includeInIndex = 1; lastKnownFileType = text.xcconfig; name = "Pods-Data-list.release.xcconfig"; path = "Target Support Files/Pods-Data-list/Pods-Data-list.release.xcconfig"; sourceTree = "<group>"; };
/* End PBXFileReference section */

/* Begin PBXFrameworksBuildPhase section */
		E7391B68233BECAC00DB4223 /* Frameworks */ = {
			isa = PBXFrameworksBuildPhase;
			buildActionMask = 2147483647;
			files = (
				E5DD80D073EB337479DA2F8E /* Pods_Data_list.framework in Frameworks */,
			);
			runOnlyForDeploymentPostprocessing = 0;
		};
/* End PBXFrameworksBuildPhase section */

/* Begin PBXGroup section */
		3B888D4135031605207A3AB1 /* Pods */ = {
			isa = PBXGroup;
			children = (
				43E6C6D22C7DE378C8C5B81C /* Pods-Data-list.debug.xcconfig */,
				F8031369F2583290AA477345 /* Pods-Data-list.release.xcconfig */,
			);
			path = Pods;
			sourceTree = "<group>";
		};
		E7391B62233BECAC00DB4223 = {
			isa = PBXGroup;
			children = (
				E7391B6D233BECAC00DB4223 /* Data-list */,
				E7391B6C233BECAC00DB4223 /* Products */,
				3B888D4135031605207A3AB1 /* Pods */,
				F48715A799FDD5A4011D93E1 /* Frameworks */,
			);
			sourceTree = "<group>";
		};
		E7391B6C233BECAC00DB4223 /* Products */ = {
			isa = PBXGroup;
			children = (
				E7391B6B233BECAC00DB4223 /* Data-list.app */,
			);
			name = Products;
			sourceTree = "<group>";
		};
		E7391B6D233BECAC00DB4223 /* Data-list */ = {
			isa = PBXGroup;
			children = (
				E757ECDC233C09AE00DAAF11 /* Codable models */,
				E757ECC5233BF31A00DAAF11 /* NetworkService */,
				E757ECD9233C05BD00DAAF11 /* ViewModels */,
				E7391B83233BED7100DB4223 /* Controllers */,
				E7391B84233BED7E00DB4223 /* Storyboards */,
				E7391B82233BED6300DB4223 /* Application */,
				E7391B7C233BECAD00DB4223 /* Info.plist */,
			);
			path = "Data-list";
			sourceTree = "<group>";
		};
		E7391B82233BED6300DB4223 /* Application */ = {
			isa = PBXGroup;
			children = (
				E7391B6E233BECAC00DB4223 /* AppDelegate.swift */,
				E7391B77233BECAD00DB4223 /* Assets.xcassets */,
			);
			path = Application;
			sourceTree = "<group>";
		};
		E7391B83233BED7100DB4223 /* Controllers */ = {
			isa = PBXGroup;
			children = (
				E746E115233CC312001DCB8E /* ListViewController.swift */,
			);
			path = Controllers;
			sourceTree = "<group>";
		};
		E7391B84233BED7E00DB4223 /* Storyboards */ = {
			isa = PBXGroup;
			children = (
				E7391B74233BECAC00DB4223 /* Main.storyboard */,
				E7391B79233BECAD00DB4223 /* LaunchScreen.storyboard */,
			);
			path = Storyboards;
			sourceTree = "<group>";
		};
		E757ECC5233BF31A00DAAF11 /* NetworkService */ = {
			isa = PBXGroup;
			children = (
				E757ECC6233BF31A00DAAF11 /* Definition */,
				E757ECC8233BF31A00DAAF11 /* Implementation */,
			);
			path = NetworkService;
			sourceTree = "<group>";
		};
		E757ECC6233BF31A00DAAF11 /* Definition */ = {
			isa = PBXGroup;
			children = (
				E757ECC7233BF31A00DAAF11 /* NetworkRequestable.swift */,
			);
			path = Definition;
			sourceTree = "<group>";
		};
		E757ECC8233BF31A00DAAF11 /* Implementation */ = {
			isa = PBXGroup;
			children = (
				E757ECE1233C0C6100DAAF11 /* AuthorizationPathConfiguration.swift */,
				E757ECCB233BF31A00DAAF11 /* NetworkService.swift */,
				E757ECCC233BF31A00DAAF11 /* Endpoint.swift */,
				E746E113233CC1B9001DCB8E /* NetworkServiceConfiguration.swift */,
			);
			path = Implementation;
			sourceTree = "<group>";
		};
		E757ECD9233C05BD00DAAF11 /* ViewModels */ = {
			isa = PBXGroup;
			children = (
				E746E11C233CE69A001DCB8E /* ListViewModel.swift */,
			);
			path = ViewModels;
			sourceTree = "<group>";
		};
		E757ECDC233C09AE00DAAF11 /* Codable models */ = {
			isa = PBXGroup;
			children = (
				E757ECDD233C09BD00DAAF11 /* Decodable */,
			);
			path = "Codable models";
			sourceTree = "<group>";
		};
		E757ECDD233C09BD00DAAF11 /* Decodable */ = {
			isa = PBXGroup;
			children = (
				E757ECEB233C120F00DAAF11 /* EntriesResponse.swift */,
				E746E117233CC8B2001DCB8E /* SessionResponse.swift */,
			);
			path = Decodable;
			sourceTree = "<group>";
		};
		F48715A799FDD5A4011D93E1 /* Frameworks */ = {
			isa = PBXGroup;
			children = (
				3D1380C04F5107B1086EA812 /* Pods_Data_list.framework */,
			);
			name = Frameworks;
			sourceTree = "<group>";
		};
/* End PBXGroup section */

/* Begin PBXNativeTarget section */
		E7391B6A233BECAC00DB4223 /* Data-list */ = {
			isa = PBXNativeTarget;
			buildConfigurationList = E7391B7F233BECAD00DB4223 /* Build configuration list for PBXNativeTarget "Data-list" */;
			buildPhases = (
				F16F1F933AAB06D06B8DD972 /* [CP] Check Pods Manifest.lock */,
				E7391B67233BECAC00DB4223 /* Sources */,
				E7391B68233BECAC00DB4223 /* Frameworks */,
				E7391B69233BECAC00DB4223 /* Resources */,
				E4BE117AC93872523EFE1DA8 /* [CP] Embed Pods Frameworks */,
			);
			buildRules = (
			);
			dependencies = (
			);
			name = "Data-list";
			productName = "Data-list";
			productReference = E7391B6B233BECAC00DB4223 /* Data-list.app */;
			productType = "com.apple.product-type.application";
		};
/* End PBXNativeTarget section */

/* Begin PBXProject section */
		E7391B63233BECAC00DB4223 /* Project object */ = {
			isa = PBXProject;
			attributes = {
				LastSwiftUpdateCheck = 1100;
				LastUpgradeCheck = 1100;
				ORGANIZATIONNAME = VladimirYakutin;
				TargetAttributes = {
					E7391B6A233BECAC00DB4223 = {
						CreatedOnToolsVersion = 11.0;
					};
				};
			};
			buildConfigurationList = E7391B66233BECAC00DB4223 /* Build configuration list for PBXProject "Data-list" */;
			compatibilityVersion = "Xcode 9.3";
			developmentRegion = en;
			hasScannedForEncodings = 0;
			knownRegions = (
				en,
				Base,
			);
			mainGroup = E7391B62233BECAC00DB4223;
			productRefGroup = E7391B6C233BECAC00DB4223 /* Products */;
			projectDirPath = "";
			projectRoot = "";
			targets = (
				E7391B6A233BECAC00DB4223 /* Data-list */,
			);
		};
/* End PBXProject section */

/* Begin PBXResourcesBuildPhase section */
		E7391B69233BECAC00DB4223 /* Resources */ = {
			isa = PBXResourcesBuildPhase;
			buildActionMask = 2147483647;
			files = (
				E7391B7B233BECAD00DB4223 /* LaunchScreen.storyboard in Resources */,
				E7391B78233BECAD00DB4223 /* Assets.xcassets in Resources */,
				E7391B76233BECAC00DB4223 /* Main.storyboard in Resources */,
			);
			runOnlyForDeploymentPostprocessing = 0;
		};
/* End PBXResourcesBuildPhase section */

/* Begin PBXShellScriptBuildPhase section */
		E4BE117AC93872523EFE1DA8 /* [CP] Embed Pods Frameworks */ = {
			isa = PBXShellScriptBuildPhase;
			buildActionMask = 2147483647;
			files = (
			);
			inputFileListPaths = (
				"${PODS_ROOT}/Target Support Files/Pods-Data-list/Pods-Data-list-frameworks-${CONFIGURATION}-input-files.xcfilelist",
			);
			name = "[CP] Embed Pods Frameworks";
			outputFileListPaths = (
				"${PODS_ROOT}/Target Support Files/Pods-Data-list/Pods-Data-list-frameworks-${CONFIGURATION}-output-files.xcfilelist",
			);
			runOnlyForDeploymentPostprocessing = 0;
			shellPath = /bin/sh;
			shellScript = "\"${PODS_ROOT}/Target Support Files/Pods-Data-list/Pods-Data-list-frameworks.sh\"\n";
			showEnvVarsInLog = 0;
		};
		F16F1F933AAB06D06B8DD972 /* [CP] Check Pods Manifest.lock */ = {
			isa = PBXShellScriptBuildPhase;
			buildActionMask = 2147483647;
			files = (
			);
			inputFileListPaths = (
			);
			inputPaths = (
				"${PODS_PODFILE_DIR_PATH}/Podfile.lock",
				"${PODS_ROOT}/Manifest.lock",
			);
			name = "[CP] Check Pods Manifest.lock";
			outputFileListPaths = (
			);
			outputPaths = (
				"$(DERIVED_FILE_DIR)/Pods-Data-list-checkManifestLockResult.txt",
			);
			runOnlyForDeploymentPostprocessing = 0;
			shellPath = /bin/sh;
			shellScript = "diff \"${PODS_PODFILE_DIR_PATH}/Podfile.lock\" \"${PODS_ROOT}/Manifest.lock\" > /dev/null\nif [ $? != 0 ] ; then\n    # print error to STDERR\n    echo \"error: The sandbox is not in sync with the Podfile.lock. Run 'pod install' or update your CocoaPods installation.\" >&2\n    exit 1\nfi\n# This output is used by Xcode 'outputs' to avoid re-running this script phase.\necho \"SUCCESS\" > \"${SCRIPT_OUTPUT_FILE_0}\"\n";
			showEnvVarsInLog = 0;
		};
/* End PBXShellScriptBuildPhase section */

/* Begin PBXSourcesBuildPhase section */
		E7391B67233BECAC00DB4223 /* Sources */ = {
			isa = PBXSourcesBuildPhase;
			buildActionMask = 2147483647;
			files = (
				E757ECD1233BF31A00DAAF11 /* Endpoint.swift in Sources */,
				E757ECEC233C120F00DAAF11 /* EntriesResponse.swift in Sources */,
				E757ECE2233C0C6100DAAF11 /* AuthorizationPathConfiguration.swift in Sources */,
				E757ECCD233BF31A00DAAF11 /* NetworkRequestable.swift in Sources */,
				E746E116233CC312001DCB8E /* ListViewController.swift in Sources */,
				E7391B6F233BECAC00DB4223 /* AppDelegate.swift in Sources */,
				E757ECD0233BF31A00DAAF11 /* NetworkService.swift in Sources */,
				E746E114233CC1B9001DCB8E /* NetworkServiceConfiguration.swift in Sources */,
				E746E118233CC8B2001DCB8E /* SessionResponse.swift in Sources */,
				E746E11D233CE69A001DCB8E /* ListViewModel.swift in Sources */,
			);
			runOnlyForDeploymentPostprocessing = 0;
		};
/* End PBXSourcesBuildPhase section */

/* Begin PBXVariantGroup section */
		E7391B74233BECAC00DB4223 /* Main.storyboard */ = {
			isa = PBXVariantGroup;
			children = (
				E7391B75233BECAC00DB4223 /* Base */,
			);
			name = Main.storyboard;
			sourceTree = "<group>";
		};
		E7391B79233BECAD00DB4223 /* LaunchScreen.storyboard */ = {
			isa = PBXVariantGroup;
			children = (
				E7391B7A233BECAD00DB4223 /* Base */,
			);
			name = LaunchScreen.storyboard;
			sourceTree = "<group>";
		};
/* End PBXVariantGroup section */

/* Begin XCBuildConfiguration section */
		E7391B7D233BECAD00DB4223 /* Debug */ = {
			isa = XCBuildConfiguration;
			buildSettings = {
				ALWAYS_SEARCH_USER_PATHS = NO;
				CLANG_ANALYZER_NONNULL = YES;
				CLANG_ANALYZER_NUMBER_OBJECT_CONVERSION = YES_AGGRESSIVE;
				CLANG_CXX_LANGUAGE_STANDARD = "gnu++14";
				CLANG_CXX_LIBRARY = "libc++";
				CLANG_ENABLE_MODULES = YES;
				CLANG_ENABLE_OBJC_ARC = YES;
				CLANG_ENABLE_OBJC_WEAK = YES;
				CLANG_WARN_BLOCK_CAPTURE_AUTORELEASING = YES;
				CLANG_WARN_BOOL_CONVERSION = YES;
				CLANG_WARN_COMMA = YES;
				CLANG_WARN_CONSTANT_CONVERSION = YES;
				CLANG_WARN_DEPRECATED_OBJC_IMPLEMENTATIONS = YES;
				CLANG_WARN_DIRECT_OBJC_ISA_USAGE = YES_ERROR;
				CLANG_WARN_DOCUMENTATION_COMMENTS = YES;
				CLANG_WARN_EMPTY_BODY = YES;
				CLANG_WARN_ENUM_CONVERSION = YES;
				CLANG_WARN_INFINITE_RECURSION = YES;
				CLANG_WARN_INT_CONVERSION = YES;
				CLANG_WARN_NON_LITERAL_NULL_CONVERSION = YES;
				CLANG_WARN_OBJC_IMPLICIT_RETAIN_SELF = YES;
				CLANG_WARN_OBJC_LITERAL_CONVERSION = YES;
				CLANG_WARN_OBJC_ROOT_CLASS = YES_ERROR;
				CLANG_WARN_RANGE_LOOP_ANALYSIS = YES;
				CLANG_WARN_STRICT_PROTOTYPES = YES;
				CLANG_WARN_SUSPICIOUS_MOVE = YES;
				CLANG_WARN_UNGUARDED_AVAILABILITY = YES_AGGRESSIVE;
				CLANG_WARN_UNREACHABLE_CODE = YES;
				CLANG_WARN__DUPLICATE_METHOD_MATCH = YES;
				COPY_PHASE_STRIP = NO;
				DEBUG_INFORMATION_FORMAT = dwarf;
				ENABLE_STRICT_OBJC_MSGSEND = YES;
				ENABLE_TESTABILITY = YES;
				GCC_C_LANGUAGE_STANDARD = gnu11;
				GCC_DYNAMIC_NO_PIC = NO;
				GCC_NO_COMMON_BLOCKS = YES;
				GCC_OPTIMIZATION_LEVEL = 0;
				GCC_PREPROCESSOR_DEFINITIONS = (
					"DEBUG=1",
					"$(inherited)",
				);
				GCC_WARN_64_TO_32_BIT_CONVERSION = YES;
				GCC_WARN_ABOUT_RETURN_TYPE = YES_ERROR;
				GCC_WARN_UNDECLARED_SELECTOR = YES;
				GCC_WARN_UNINITIALIZED_AUTOS = YES_AGGRESSIVE;
				GCC_WARN_UNUSED_FUNCTION = YES;
				GCC_WARN_UNUSED_VARIABLE = YES;
				IPHONEOS_DEPLOYMENT_TARGET = 9.0;
				MTL_ENABLE_DEBUG_INFO = INCLUDE_SOURCE;
				MTL_FAST_MATH = YES;
				ONLY_ACTIVE_ARCH = YES;
				SDKROOT = iphoneos;
				SWIFT_ACTIVE_COMPILATION_CONDITIONS = DEBUG;
				SWIFT_OPTIMIZATION_LEVEL = "-Onone";
			};
			name = Debug;
		};
		E7391B7E233BECAD00DB4223 /* Release */ = {
			isa = XCBuildConfiguration;
			buildSettings = {
				ALWAYS_SEARCH_USER_PATHS = NO;
				CLANG_ANALYZER_NONNULL = YES;
				CLANG_ANALYZER_NUMBER_OBJECT_CONVERSION = YES_AGGRESSIVE;
				CLANG_CXX_LANGUAGE_STANDARD = "gnu++14";
				CLANG_CXX_LIBRARY = "libc++";
				CLANG_ENABLE_MODULES = YES;
				CLANG_ENABLE_OBJC_ARC = YES;
				CLANG_ENABLE_OBJC_WEAK = YES;
				CLANG_WARN_BLOCK_CAPTURE_AUTORELEASING = YES;
				CLANG_WARN_BOOL_CONVERSION = YES;
				CLANG_WARN_COMMA = YES;
				CLANG_WARN_CONSTANT_CONVERSION = YES;
				CLANG_WARN_DEPRECATED_OBJC_IMPLEMENTATIONS = YES;
				CLANG_WARN_DIRECT_OBJC_ISA_USAGE = YES_ERROR;
				CLANG_WARN_DOCUMENTATION_COMMENTS = YES;
				CLANG_WARN_EMPTY_BODY = YES;
				CLANG_WARN_ENUM_CONVERSION = YES;
				CLANG_WARN_INFINITE_RECURSION = YES;
				CLANG_WARN_INT_CONVERSION = YES;
				CLANG_WARN_NON_LITERAL_NULL_CONVERSION = YES;
				CLANG_WARN_OBJC_IMPLICIT_RETAIN_SELF = YES;
				CLANG_WARN_OBJC_LITERAL_CONVERSION = YES;
				CLANG_WARN_OBJC_ROOT_CLASS = YES_ERROR;
				CLANG_WARN_RANGE_LOOP_ANALYSIS = YES;
				CLANG_WARN_STRICT_PROTOTYPES = YES;
				CLANG_WARN_SUSPICIOUS_MOVE = YES;
				CLANG_WARN_UNGUARDED_AVAILABILITY = YES_AGGRESSIVE;
				CLANG_WARN_UNREACHABLE_CODE = YES;
				CLANG_WARN__DUPLICATE_METHOD_MATCH = YES;
				COPY_PHASE_STRIP = NO;
				DEBUG_INFORMATION_FORMAT = "dwarf-with-dsym";
				ENABLE_NS_ASSERTIONS = NO;
				ENABLE_STRICT_OBJC_MSGSEND = YES;
				GCC_C_LANGUAGE_STANDARD = gnu11;
				GCC_NO_COMMON_BLOCKS = YES;
				GCC_WARN_64_TO_32_BIT_CONVERSION = YES;
				GCC_WARN_ABOUT_RETURN_TYPE = YES_ERROR;
				GCC_WARN_UNDECLARED_SELECTOR = YES;
				GCC_WARN_UNINITIALIZED_AUTOS = YES_AGGRESSIVE;
				GCC_WARN_UNUSED_FUNCTION = YES;
				GCC_WARN_UNUSED_VARIABLE = YES;
				IPHONEOS_DEPLOYMENT_TARGET = 9.0;
				MTL_ENABLE_DEBUG_INFO = NO;
				MTL_FAST_MATH = YES;
				SDKROOT = iphoneos;
				SWIFT_COMPILATION_MODE = wholemodule;
				SWIFT_OPTIMIZATION_LEVEL = "-O";
				VALIDATE_PRODUCT = YES;
			};
			name = Release;
		};
		E7391B80233BECAD00DB4223 /* Debug */ = {
			isa = XCBuildConfiguration;
			baseConfigurationReference = 43E6C6D22C7DE378C8C5B81C /* Pods-Data-list.debug.xcconfig */;
			buildSettings = {
				ASSETCATALOG_COMPILER_APPICON_NAME = AppIcon;
				CODE_SIGN_STYLE = Automatic;
				DEVELOPMENT_TEAM = MH4MGTMEFR;
				INFOPLIST_FILE = "Data-list/Info.plist";
				IPHONEOS_DEPLOYMENT_TARGET = 9.0;
				LD_RUNPATH_SEARCH_PATHS = (
					"$(inherited)",
					"@executable_path/Frameworks",
				);
				PRODUCT_BUNDLE_IDENTIFIER = "VladimirYakutin.Data-list1";
				PRODUCT_NAME = "$(TARGET_NAME)";
				SWIFT_VERSION = 5.0;
				TARGETED_DEVICE_FAMILY = 1;
			};
			name = Debug;
		};
		E7391B81233BECAD00DB4223 /* Release */ = {
			isa = XCBuildConfiguration;
			baseConfigurationReference = F8031369F2583290AA477345 /* Pods-Data-list.release.xcconfig */;
			buildSettings = {
				ASSETCATALOG_COMPILER_APPICON_NAME = AppIcon;
				CODE_SIGN_STYLE = Automatic;
				DEVELOPMENT_TEAM = 96BN7NSV5W;
				INFOPLIST_FILE = "Data-list/Info.plist";
				IPHONEOS_DEPLOYMENT_TARGET = 9.0;
				LD_RUNPATH_SEARCH_PATHS = (
					"$(inherited)",
					"@executable_path/Frameworks",
				);
				PRODUCT_BUNDLE_IDENTIFIER = "VladimirYakutin.Data-list1";
				PRODUCT_NAME = "$(TARGET_NAME)";
				SWIFT_VERSION = 5.0;
				TARGETED_DEVICE_FAMILY = 1;
			};
			name = Release;
		};
/* End XCBuildConfiguration section */

/* Begin XCConfigurationList section */
		E7391B66233BECAC00DB4223 /* Build configuration list for PBXProject "Data-list" */ = {
			isa = XCConfigurationList;
			buildConfigurations = (
				E7391B7D233BECAD00DB4223 /* Debug */,
				E7391B7E233BECAD00DB4223 /* Release */,
			);
			defaultConfigurationIsVisible = 0;
			defaultConfigurationName = Release;
		};
		E7391B7F233BECAD00DB4223 /* Build configuration list for PBXNativeTarget "Data-list" */ = {
			isa = XCConfigurationList;
			buildConfigurations = (
				E7391B80233BECAD00DB4223 /* Debug */,
				E7391B81233BECAD00DB4223 /* Release */,
			);
			defaultConfigurationIsVisible = 0;
			defaultConfigurationName = Release;
		};
/* End XCConfigurationList section */
	};
	rootObject = E7391B63233BECAC00DB4223 /* Project object */;
}
